// !$*UTF8*$!
{
	archiveVersion = 1;
	classes = {
	};
	objectVersion = 50;
	objects = {

/* Begin PBXBuildFile section */
		8C95CE3426907281000BF8FF /* AppDelegate.swift in Sources */ = {isa = PBXBuildFile; fileRef = 8C95CE3326907281000BF8FF /* AppDelegate.swift */; };
		8C95CE3626907281000BF8FF /* SceneDelegate.swift in Sources */ = {isa = PBXBuildFile; fileRef = 8C95CE3526907281000BF8FF /* SceneDelegate.swift */; };
		8C95CE3826907281000BF8FF /* ViewController.swift in Sources */ = {isa = PBXBuildFile; fileRef = 8C95CE3726907281000BF8FF /* ViewController.swift */; };
		8C95CE3B26907281000BF8FF /* Main.storyboard in Resources */ = {isa = PBXBuildFile; fileRef = 8C95CE3926907281000BF8FF /* Main.storyboard */; };
		8C95CE3D26907284000BF8FF /* Assets.xcassets in Resources */ = {isa = PBXBuildFile; fileRef = 8C95CE3C26907284000BF8FF /* Assets.xcassets */; };
		8C95CE4026907284000BF8FF /* LaunchScreen.storyboard in Resources */ = {isa = PBXBuildFile; fileRef = 8C95CE3E26907284000BF8FF /* LaunchScreen.storyboard */; };
/* End PBXBuildFile section */

/* Begin PBXFileReference section */
		8C95CE3026907281000BF8FF /* Part1 5つの数字を足し算するアプリを作る.app */ = {isa = PBXFileReference; explicitFileType = wrapper.application; includeInIndex = 0; path = "Part1 5つの数字を足し算するアプリを作る.app"; sourceTree = BUILT_PRODUCTS_DIR; };
		8C95CE3326907281000BF8FF /* AppDelegate.swift */ = {isa = PBXFileReference; lastKnownFileType = sourcecode.swift; path = AppDelegate.swift; sourceTree = "<group>"; };
		8C95CE3526907281000BF8FF /* SceneDelegate.swift */ = {isa = PBXFileReference; lastKnownFileType = sourcecode.swift; path = SceneDelegate.swift; sourceTree = "<group>"; };
		8C95CE3726907281000BF8FF /* ViewController.swift */ = {isa = PBXFileReference; lastKnownFileType = sourcecode.swift; path = ViewController.swift; sourceTree = "<group>"; };
		8C95CE3A26907281000BF8FF /* Base */ = {isa = PBXFileReference; lastKnownFileType = file.storyboard; name = Base; path = Base.lproj/Main.storyboard; sourceTree = "<group>"; };
		8C95CE3C26907284000BF8FF /* Assets.xcassets */ = {isa = PBXFileReference; lastKnownFileType = folder.assetcatalog; path = Assets.xcassets; sourceTree = "<group>"; };
		8C95CE3F26907284000BF8FF /* Base */ = {isa = PBXFileReference; lastKnownFileType = file.storyboard; name = Base; path = Base.lproj/LaunchScreen.storyboard; sourceTree = "<group>"; };
		8C95CE4126907284000BF8FF /* Info.plist */ = {isa = PBXFileReference; lastKnownFileType = text.plist.xml; path = Info.plist; sourceTree = "<group>"; };
/* End PBXFileReference section */

/* Begin PBXFrameworksBuildPhase section */
		8C95CE2D26907281000BF8FF /* Frameworks */ = {
			isa = PBXFrameworksBuildPhase;
			buildActionMask = 2147483647;
			files = (
			);
			runOnlyForDeploymentPostprocessing = 0;
		};
/* End PBXFrameworksBuildPhase section */

/* Begin PBXGroup section */
		8C95CE2726907281000BF8FF = {
			isa = PBXGroup;
			children = (
				8C95CE3226907281000BF8FF /* Part1 5つの数字を足し算するアプリを作る */,
				8C95CE3126907281000BF8FF /* Products */,
			);
			sourceTree = "<group>";
		};
		8C95CE3126907281000BF8FF /* Products */ = {
			isa = PBXGroup;
			children = (
				8C95CE3026907281000BF8FF /* Part1 5つの数字を足し算するアプリを作る.app */,
			);
			name = Products;
			sourceTree = "<group>";
		};
		8C95CE3226907281000BF8FF /* Part1 5つの数字を足し算するアプリを作る */ = {
			isa = PBXGroup;
			children = (
				8C95CE3326907281000BF8FF /* AppDelegate.swift */,
				8C95CE3526907281000BF8FF /* SceneDelegate.swift */,
				8C95CE3726907281000BF8FF /* ViewController.swift */,
				8C95CE3926907281000BF8FF /* Main.storyboard */,
				8C95CE3C26907284000BF8FF /* Assets.xcassets */,
				8C95CE3E26907284000BF8FF /* LaunchScreen.storyboard */,
				8C95CE4126907284000BF8FF /* Info.plist */,
			);
			path = "Part1 5つの数字を足し算するアプリを作る";
			sourceTree = "<group>";
		};
/* End PBXGroup section */

/* Begin PBXNativeTarget section */
		8C95CE2F26907281000BF8FF /* Part1 5つの数字を足し算するアプリを作る */ = {
			isa = PBXNativeTarget;
			buildConfigurationList = 8C95CE4426907284000BF8FF /* Build configuration list for PBXNativeTarget "Part1 5つの数字を足し算するアプリを作る" */;
			buildPhases = (
				8C95CE2C26907281000BF8FF /* Sources */,
				8C95CE2D26907281000BF8FF /* Frameworks */,
				8C95CE2E26907281000BF8FF /* Resources */,
			);
			buildRules = (
			);
			dependencies = (
			);
			name = "Part1 5つの数字を足し算するアプリを作る";
			productName = "Part1 5つの数字を足し算するアプリを作る";
			productReference = 8C95CE3026907281000BF8FF /* Part1 5つの数字を足し算するアプリを作る.app */;
			productType = "com.apple.product-type.application";
		};
/* End PBXNativeTarget section */

/* Begin PBXProject section */
		8C95CE2826907281000BF8FF /* Project object */ = {
			isa = PBXProject;
			attributes = {
				LastSwiftUpdateCheck = 1250;
				LastUpgradeCheck = 1250;
				TargetAttributes = {
					8C95CE2F26907281000BF8FF = {
						CreatedOnToolsVersion = 12.5.1;
					};
				};
			};
			buildConfigurationList = 8C95CE2B26907281000BF8FF /* Build configuration list for PBXProject "Part1 5つの数字を足し算するアプリを作る" */;
			compatibilityVersion = "Xcode 9.3";
			developmentRegion = en;
			hasScannedForEncodings = 0;
			knownRegions = (
				en,
				Base,
			);
			mainGroup = 8C95CE2726907281000BF8FF;
			productRefGroup = 8C95CE3126907281000BF8FF /* Products */;
			projectDirPath = "";
			projectRoot = "";
			targets = (
				8C95CE2F26907281000BF8FF /* Part1 5つの数字を足し算するアプリを作る */,
			);
		};
/* End PBXProject section */

/* Begin PBXResourcesBuildPhase section */
		8C95CE2E26907281000BF8FF /* Resources */ = {
			isa = PBXResourcesBuildPhase;
			buildActionMask = 2147483647;
			files = (
				8C95CE4026907284000BF8FF /* LaunchScreen.storyboard in Resources */,
				8C95CE3D26907284000BF8FF /* Assets.xcassets in Resources */,
				8C95CE3B26907281000BF8FF /* Main.storyboard in Resources */,
			);
			runOnlyForDeploymentPostprocessing = 0;
		};
/* End PBXResourcesBuildPhase section */

/* Begin PBXSourcesBuildPhase section */
		8C95CE2C26907281000BF8FF /* Sources */ = {
			isa = PBXSourcesBuildPhase;
			buildActionMask = 2147483647;
			files = (
				8C95CE3826907281000BF8FF /* ViewController.swift in Sources */,
				8C95CE3426907281000BF8FF /* AppDelegate.swift in Sources */,
				8C95CE3626907281000BF8FF /* SceneDelegate.swift in Sources */,
			);
			runOnlyForDeploymentPostprocessing = 0;
		};
/* End PBXSourcesBuildPhase section */

/* Begin PBXVariantGroup section */
		8C95CE3926907281000BF8FF /* Main.storyboard */ = {
			isa = PBXVariantGroup;
			children = (
				8C95CE3A26907281000BF8FF /* Base */,
			);
			name = Main.storyboard;
			sourceTree = "<group>";
		};
		8C95CE3E26907284000BF8FF /* LaunchScreen.storyboard */ = {
			isa = PBXVariantGroup;
			children = (
				8C95CE3F26907284000BF8FF /* Base */,
			);
			name = LaunchScreen.storyboard;
			sourceTree = "<group>";
		};
/* End PBXVariantGroup section */

/* Begin XCBuildConfiguration section */
		8C95CE4226907284000BF8FF /* Debug */ = {
			isa = XCBuildConfiguration;
			buildSettings = {
				ALWAYS_SEARCH_USER_PATHS = NO;
				CLANG_ANALYZER_NONNULL = YES;
				CLANG_ANALYZER_NUMBER_OBJECT_CONVERSION = YES_AGGRESSIVE;
				CLANG_CXX_LANGUAGE_STANDARD = "gnu++14";
				CLANG_CXX_LIBRARY = "libc++";
				CLANG_ENABLE_MODULES = YES;
				CLANG_ENABLE_OBJC_ARC = YES;
				CLANG_ENABLE_OBJC_WEAK = YES;
				CLANG_WARN_BLOCK_CAPTURE_AUTORELEASING = YES;
				CLANG_WARN_BOOL_CONVERSION = YES;
				CLANG_WARN_COMMA = YES;
				CLANG_WARN_CONSTANT_CONVERSION = YES;
				CLANG_WARN_DEPRECATED_OBJC_IMPLEMENTATIONS = YES;
				CLANG_WARN_DIRECT_OBJC_ISA_USAGE = YES_ERROR;
				CLANG_WARN_DOCUMENTATION_COMMENTS = YES;
				CLANG_WARN_EMPTY_BODY = YES;
				CLANG_WARN_ENUM_CONVERSION = YES;
				CLANG_WARN_INFINITE_RECURSION = YES;
				CLANG_WARN_INT_CONVERSION = YES;
				CLANG_WARN_NON_LITERAL_NULL_CONVERSION = YES;
				CLANG_WARN_OBJC_IMPLICIT_RETAIN_SELF = YES;
				CLANG_WARN_OBJC_LITERAL_CONVERSION = YES;
				CLANG_WARN_OBJC_ROOT_CLASS = YES_ERROR;
				CLANG_WARN_QUOTED_INCLUDE_IN_FRAMEWORK_HEADER = YES;
				CLANG_WARN_RANGE_LOOP_ANALYSIS = YES;
				CLANG_WARN_STRICT_PROTOTYPES = YES;
				CLANG_WARN_SUSPICIOUS_MOVE = YES;
				CLANG_WARN_UNGUARDED_AVAILABILITY = YES_AGGRESSIVE;
				CLANG_WARN_UNREACHABLE_CODE = YES;
				CLANG_WARN__DUPLICATE_METHOD_MATCH = YES;
				COPY_PHASE_STRIP = NO;
				DEBUG_INFORMATION_FORMAT = dwarf;
				ENABLE_STRICT_OBJC_MSGSEND = YES;
				ENABLE_TESTABILITY = YES;
				GCC_C_LANGUAGE_STANDARD = gnu11;
				GCC_DYNAMIC_NO_PIC = NO;
				GCC_NO_COMMON_BLOCKS = YES;
				GCC_OPTIMIZATION_LEVEL = 0;
				GCC_PREPROCESSOR_DEFINITIONS = (
					"DEBUG=1",
					"$(inherited)",
				);
				GCC_WARN_64_TO_32_BIT_CONVERSION = YES;
				GCC_WARN_ABOUT_RETURN_TYPE = YES_ERROR;
				GCC_WARN_UNDECLARED_SELECTOR = YES;
				GCC_WARN_UNINITIALIZED_AUTOS = YES_AGGRESSIVE;
				GCC_WARN_UNUSED_FUNCTION = YES;
				GCC_WARN_UNUSED_VARIABLE = YES;
				IPHONEOS_DEPLOYMENT_TARGET = 14.5;
				MTL_ENABLE_DEBUG_INFO = INCLUDE_SOURCE;
				MTL_FAST_MATH = YES;
				ONLY_ACTIVE_ARCH = YES;
				SDKROOT = iphoneos;
				SWIFT_ACTIVE_COMPILATION_CONDITIONS = DEBUG;
				SWIFT_OPTIMIZATION_LEVEL = "-Onone";
			};
			name = Debug;
		};
		8C95CE4326907284000BF8FF /* Release */ = {
			isa = XCBuildConfiguration;
			buildSettings = {
				ALWAYS_SEARCH_USER_PATHS = NO;
				CLANG_ANALYZER_NONNULL = YES;
				CLANG_ANALYZER_NUMBER_OBJECT_CONVERSION = YES_AGGRESSIVE;
				CLANG_CXX_LANGUAGE_STANDARD = "gnu++14";
				CLANG_CXX_LIBRARY = "libc++";
				CLANG_ENABLE_MODULES = YES;
				CLANG_ENABLE_OBJC_ARC = YES;
				CLANG_ENABLE_OBJC_WEAK = YES;
				CLANG_WARN_BLOCK_CAPTURE_AUTORELEASING = YES;
				CLANG_WARN_BOOL_CONVERSION = YES;
				CLANG_WARN_COMMA = YES;
				CLANG_WARN_CONSTANT_CONVERSION = YES;
				CLANG_WARN_DEPRECATED_OBJC_IMPLEMENTATIONS = YES;
				CLANG_WARN_DIRECT_OBJC_ISA_USAGE = YES_ERROR;
				CLANG_WARN_DOCUMENTATION_COMMENTS = YES;
				CLANG_WARN_EMPTY_BODY = YES;
				CLANG_WARN_ENUM_CONVERSION = YES;
				CLANG_WARN_INFINITE_RECURSION = YES;
				CLANG_WARN_INT_CONVERSION = YES;
				CLANG_WARN_NON_LITERAL_NULL_CONVERSION = YES;
				CLANG_WARN_OBJC_IMPLICIT_RETAIN_SELF = YES;
				CLANG_WARN_OBJC_LITERAL_CONVERSION = YES;
				CLANG_WARN_OBJC_ROOT_CLASS = YES_ERROR;
				CLANG_WARN_QUOTED_INCLUDE_IN_FRAMEWORK_HEADER = YES;
				CLANG_WARN_RANGE_LOOP_ANALYSIS = YES;
				CLANG_WARN_STRICT_PROTOTYPES = YES;
				CLANG_WARN_SUSPICIOUS_MOVE = YES;
				CLANG_WARN_UNGUARDED_AVAILABILITY = YES_AGGRESSIVE;
				CLANG_WARN_UNREACHABLE_CODE = YES;
				CLANG_WARN__DUPLICATE_METHOD_MATCH = YES;
				COPY_PHASE_STRIP = NO;
				DEBUG_INFORMATION_FORMAT = "dwarf-with-dsym";
				ENABLE_NS_ASSERTIONS = NO;
				ENABLE_STRICT_OBJC_MSGSEND = YES;
				GCC_C_LANGUAGE_STANDARD = gnu11;
				GCC_NO_COMMON_BLOCKS = YES;
				GCC_WARN_64_TO_32_BIT_CONVERSION = YES;
				GCC_WARN_ABOUT_RETURN_TYPE = YES_ERROR;
				GCC_WARN_UNDECLARED_SELECTOR = YES;
				GCC_WARN_UNINITIALIZED_AUTOS = YES_AGGRESSIVE;
				GCC_WARN_UNUSED_FUNCTION = YES;
				GCC_WARN_UNUSED_VARIABLE = YES;
				IPHONEOS_DEPLOYMENT_TARGET = 14.5;
				MTL_ENABLE_DEBUG_INFO = NO;
				MTL_FAST_MATH = YES;
				SDKROOT = iphoneos;
				SWIFT_COMPILATION_MODE = wholemodule;
				SWIFT_OPTIMIZATION_LEVEL = "-O";
				VALIDATE_PRODUCT = YES;
			};
			name = Release;
		};
		8C95CE4526907284000BF8FF /* Debug */ = {
			isa = XCBuildConfiguration;
			buildSettings = {
				ASSETCATALOG_COMPILER_APPICON_NAME = AppIcon;
				ASSETCATALOG_COMPILER_GLOBAL_ACCENT_COLOR_NAME = AccentColor;
				CODE_SIGN_STYLE = Automatic;
				DEVELOPMENT_TEAM = 6H7CM9RQ6P;
				INFOPLIST_FILE = "Part1 5つの数字を足し算するアプリを作る/Info.plist";
				LD_RUNPATH_SEARCH_PATHS = (
					"$(inherited)",
					"@executable_path/Frameworks",
				);
				PRODUCT_BUNDLE_IDENTIFIER = "com.gmail.wangyuexing34.Part1-5-----------------";
				PRODUCT_NAME = "$(TARGET_NAME)";
				SWIFT_VERSION = 5.0;
				TARGETED_DEVICE_FAMILY = "1,2";
			};
			name = Debug;
		};
		8C95CE4626907284000BF8FF /* Release */ = {
			isa = XCBuildConfiguration;
			buildSettings = {
				ASSETCATALOG_COMPILER_APPICON_NAME = AppIcon;
				ASSETCATALOG_COMPILER_GLOBAL_ACCENT_COLOR_NAME = AccentColor;
				CODE_SIGN_STYLE = Automatic;
				DEVELOPMENT_TEAM = 6H7CM9RQ6P;
				INFOPLIST_FILE = "Part1 5つの数字を足し算するアプリを作る/Info.plist";
				LD_RUNPATH_SEARCH_PATHS = (
					"$(inherited)",
					"@executable_path/Frameworks",
				);
				PRODUCT_BUNDLE_IDENTIFIER = "com.gmail.wangyuexing34.Part1-5-----------------";
				PRODUCT_NAME = "$(TARGET_NAME)";
				SWIFT_VERSION = 5.0;
				TARGETED_DEVICE_FAMILY = "1,2";
			};
			name = Release;
		};
/* End XCBuildConfiguration section */

/* Begin XCConfigurationList section */
		8C95CE2B26907281000BF8FF /* Build configuration list for PBXProject "Part1 5つの数字を足し算するアプリを作る" */ = {
			isa = XCConfigurationList;
			buildConfigurations = (
				8C95CE4226907284000BF8FF /* Debug */,
				8C95CE4326907284000BF8FF /* Release */,
			);
			defaultConfigurationIsVisible = 0;
			defaultConfigurationName = Release;
		};
		8C95CE4426907284000BF8FF /* Build configuration list for PBXNativeTarget "Part1 5つの数字を足し算するアプリを作る" */ = {
			isa = XCConfigurationList;
			buildConfigurations = (
				8C95CE4526907284000BF8FF /* Debug */,
				8C95CE4626907284000BF8FF /* Release */,
			);
			defaultConfigurationIsVisible = 0;
			defaultConfigurationName = Release;
		};
/* End XCConfigurationList section */
	};
	rootObject = 8C95CE2826907281000BF8FF /* Project object */;
}
